
Microsoft Visual Studio Solution File, Format Version 12.00
# Visual Studio 15
VisualStudioVersion = 15.0.27428.2027
MinimumVisualStudioVersion = 10.0.40219.1
Project("{9A19103F-16F7-4668-BE54-9A1E7A4F7556}") = "VendingMachine.Web", "VendingMachine.Web\VendingMachine.Web.csproj", "{DED1344C-303B-4D88-949B-C7496A97A582}"
EndProject
Project("{9A19103F-16F7-4668-BE54-9A1E7A4F7556}") = "VendingMachine.Core", "VendingMachine.Core\VendingMachine.Core.csproj", "{AA9DAA53-B9CD-4C0E-87B9-4D46ED021974}"
EndProject
Project("{9A19103F-16F7-4668-BE54-9A1E7A4F7556}") = "VendingMachine.EF", "VendingMachine.EF\VendingMachine.EF.csproj", "{996AB765-D222-4343-9F25-F76A6259301E}"
EndProject
Project("{9A19103F-16F7-4668-BE54-9A1E7A4F7556}") = "VendingMachine.Server", "VendingMachine.Server\VendingMachine.Server.csproj", "{18100506-DF9B-438B-A75B-E656BD25FD3E}"
EndProject
Project("{FAE04EC0-301F-11D3-BF4B-00C04F79EFBC}") = "VendingMachine.Server.Tests", "VendingMachine.Server.Tests\VendingMachine.Server.Tests.csproj", "{F75BE33A-3103-437B-BBDC-00CE5DD0FD59}"
EndProject
Global
	GlobalSection(SolutionConfigurationPlatforms) = preSolution
		Debug|Any CPU = Debug|Any CPU
		Release|Any CPU = Release|Any CPU
	EndGlobalSection
	GlobalSection(ProjectConfigurationPlatforms) = postSolution
		{DED1344C-303B-4D88-949B-C7496A97A582}.Debug|Any CPU.ActiveCfg = Debug|Any CPU
		{DED1344C-303B-4D88-949B-C7496A97A582}.Debug|Any CPU.Build.0 = Debug|Any CPU
		{DED1344C-303B-4D88-949B-C7496A97A582}.Release|Any CPU.ActiveCfg = Release|Any CPU
		{DED1344C-303B-4D88-949B-C7496A97A582}.Release|Any CPU.Build.0 = Release|Any CPU
		{AA9DAA53-B9CD-4C0E-87B9-4D46ED021974}.Debug|Any CPU.ActiveCfg = Debug|Any CPU
		{AA9DAA53-B9CD-4C0E-87B9-4D46ED021974}.Debug|Any CPU.Build.0 = Debug|Any CPU
		{AA9DAA53-B9CD-4C0E-87B9-4D46ED021974}.Release|Any CPU.ActiveCfg = Release|Any CPU
		{AA9DAA53-B9CD-4C0E-87B9-4D46ED021974}.Release|Any CPU.Build.0 = Release|Any CPU
		{996AB765-D222-4343-9F25-F76A6259301E}.Debug|Any CPU.ActiveCfg = Debug|Any CPU
		{996AB765-D222-4343-9F25-F76A6259301E}.Debug|Any CPU.Build.0 = Debug|Any CPU
		{996AB765-D222-4343-9F25-F76A6259301E}.Release|Any CPU.ActiveCfg = Release|Any CPU
		{996AB765-D222-4343-9F25-F76A6259301E}.Release|Any CPU.Build.0 = Release|Any CPU
		{18100506-DF9B-438B-A75B-E656BD25FD3E}.Debug|Any CPU.ActiveCfg = Debug|Any CPU
		{18100506-DF9B-438B-A75B-E656BD25FD3E}.Debug|Any CPU.Build.0 = Debug|Any CPU
		{18100506-DF9B-438B-A75B-E656BD25FD3E}.Release|Any CPU.ActiveCfg = Release|Any CPU
		{18100506-DF9B-438B-A75B-E656BD25FD3E}.Release|Any CPU.Build.0 = Release|Any CPU
		{F75BE33A-3103-437B-BBDC-00CE5DD0FD59}.Debug|Any CPU.ActiveCfg = Debug|Any CPU
		{F75BE33A-3103-437B-BBDC-00CE5DD0FD59}.Debug|Any CPU.Build.0 = Debug|Any CPU
		{F75BE33A-3103-437B-BBDC-00CE5DD0FD59}.Release|Any CPU.ActiveCfg = Release|Any CPU
		{F75BE33A-3103-437B-BBDC-00CE5DD0FD59}.Release|Any CPU.Build.0 = Release|Any CPU
	EndGlobalSection
	GlobalSection(SolutionProperties) = preSolution
		HideSolutionNode = FALSE
	EndGlobalSection
	GlobalSection(ExtensibilityGlobals) = postSolution
		SolutionGuid = {7E288054-0016-4312-AB36-AB7B9D0A529D}
	EndGlobalSection
EndGlobal
