
Microsoft Visual Studio Solution File, Format Version 12.00
# Visual Studio 15
VisualStudioVersion = 15.0.27130.2020
MinimumVisualStudioVersion = 10.0.40219.1
Project("{FAE04EC0-301F-11D3-BF4B-00C04F79EFBC}") = "VendingMachine.Server", "VendingMachine.Server\VendingMachine.Server.csproj", "{95695ABF-A8C2-428F-8B95-A25A02F7C6CA}"
EndProject
Project("{FAE04EC0-301F-11D3-BF4B-00C04F79EFBC}") = "VendingMachine.Core", "VendingMachine.Core\VendingMachine.Core.csproj", "{70B5A701-1D96-481A-8C1A-2CD56F891CCB}"
EndProject
Project("{FAE04EC0-301F-11D3-BF4B-00C04F79EFBC}") = "VendingMachine.EF", "VendingMachine.EF\VendingMachine.EF.csproj", "{A8A7FD70-3380-4F12-9A03-17BB5B71FF9B}"
EndProject
Project("{FAE04EC0-301F-11D3-BF4B-00C04F79EFBC}") = "VendingMachine.DAL", "VendingMachine.DAL\VendingMachine.DAL.csproj", "{97C9E4E0-47BE-4151-AECE-33A203D6CAB9}"
EndProject
Project("{FAE04EC0-301F-11D3-BF4B-00C04F79EFBC}") = "VendingMachine.Web", "VendingMachine.Web\VendingMachine.Web.csproj", "{27CE8438-085D-412D-A355-90D6377D33DE}"
EndProject
Global
	GlobalSection(SolutionConfigurationPlatforms) = preSolution
		Debug|Any CPU = Debug|Any CPU
		Release|Any CPU = Release|Any CPU
	EndGlobalSection
	GlobalSection(ProjectConfigurationPlatforms) = postSolution
		{95695ABF-A8C2-428F-8B95-A25A02F7C6CA}.Debug|Any CPU.ActiveCfg = Debug|Any CPU
		{95695ABF-A8C2-428F-8B95-A25A02F7C6CA}.Debug|Any CPU.Build.0 = Debug|Any CPU
		{95695ABF-A8C2-428F-8B95-A25A02F7C6CA}.Release|Any CPU.ActiveCfg = Release|Any CPU
		{95695ABF-A8C2-428F-8B95-A25A02F7C6CA}.Release|Any CPU.Build.0 = Release|Any CPU
		{70B5A701-1D96-481A-8C1A-2CD56F891CCB}.Debug|Any CPU.ActiveCfg = Debug|Any CPU
		{70B5A701-1D96-481A-8C1A-2CD56F891CCB}.Debug|Any CPU.Build.0 = Debug|Any CPU
		{70B5A701-1D96-481A-8C1A-2CD56F891CCB}.Release|Any CPU.ActiveCfg = Release|Any CPU
		{70B5A701-1D96-481A-8C1A-2CD56F891CCB}.Release|Any CPU.Build.0 = Release|Any CPU
		{A8A7FD70-3380-4F12-9A03-17BB5B71FF9B}.Debug|Any CPU.ActiveCfg = Debug|Any CPU
		{A8A7FD70-3380-4F12-9A03-17BB5B71FF9B}.Debug|Any CPU.Build.0 = Debug|Any CPU
		{A8A7FD70-3380-4F12-9A03-17BB5B71FF9B}.Release|Any CPU.ActiveCfg = Release|Any CPU
		{A8A7FD70-3380-4F12-9A03-17BB5B71FF9B}.Release|Any CPU.Build.0 = Release|Any CPU
		{97C9E4E0-47BE-4151-AECE-33A203D6CAB9}.Debug|Any CPU.ActiveCfg = Debug|Any CPU
		{97C9E4E0-47BE-4151-AECE-33A203D6CAB9}.Debug|Any CPU.Build.0 = Debug|Any CPU
		{97C9E4E0-47BE-4151-AECE-33A203D6CAB9}.Release|Any CPU.ActiveCfg = Release|Any CPU
		{97C9E4E0-47BE-4151-AECE-33A203D6CAB9}.Release|Any CPU.Build.0 = Release|Any CPU
		{27CE8438-085D-412D-A355-90D6377D33DE}.Debug|Any CPU.ActiveCfg = Debug|Any CPU
		{27CE8438-085D-412D-A355-90D6377D33DE}.Debug|Any CPU.Build.0 = Debug|Any CPU
		{27CE8438-085D-412D-A355-90D6377D33DE}.Release|Any CPU.ActiveCfg = Release|Any CPU
		{27CE8438-085D-412D-A355-90D6377D33DE}.Release|Any CPU.Build.0 = Release|Any CPU
	EndGlobalSection
	GlobalSection(SolutionProperties) = preSolution
		HideSolutionNode = FALSE
	EndGlobalSection
	GlobalSection(ExtensibilityGlobals) = postSolution
		SolutionGuid = {074E4813-0F23-4C39-B73F-09565FBE624D}
	EndGlobalSection
EndGlobal
